Microsoft Visual Studio Solution File, Format Version 11.00
# Visual Studio 2008

Project("{F1FC3684-28FB-0F87-4FAC-987D43BB6F4F}") = "Spaceship Mechanics", "Assembly-CSharp.csproj", "{F6E17AB1-DAEC-4A22-84C6-C20F1E2E2973}"
EndProject
Global
	GlobalSection(SolutionConfigurationPlatforms) = preSolution
		Debug|Any CPU = Debug|Any CPU
		Release|Any CPU = Release|Any CPU
	EndGlobalSection
	GlobalSection(ProjectConfigurationPlatforms) = postSolution
		{F6E17AB1-DAEC-4A22-84C6-C20F1E2E2973}.Debug|Any CPU.ActiveCfg = Debug|Any CPU
		{F6E17AB1-DAEC-4A22-84C6-C20F1E2E2973}.Debug|Any CPU.Build.0 = Debug|Any CPU
		{F6E17AB1-DAEC-4A22-84C6-C20F1E2E2973}.Release|Any CPU.ActiveCfg = Release|Any CPU
		{F6E17AB1-DAEC-4A22-84C6-C20F1E2E2973}.Release|Any CPU.Build.0 = Release|Any CPU
	EndGlobalSection
	GlobalSection(SolutionProperties) = preSolution
		HideSolutionNode = FALSE
	EndGlobalSection
	GlobalSection(MonoDevelopProperties) = preSolution
		StartupItem = Assembly-CSharp.csproj
	EndGlobalSection
EndGlobal
